
Microsoft Visual Studio Solution File, Format Version 12.00
# Visual Studio 15
Project("{FAE04EC0-301F-11D3-BF4B-00C04F79EFBC}") = "Assembly-CSharp", "Assembly-CSharp.csproj", "{7159BA8D-957B-40F9-7241-3AA56D572590}"
EndProject
Project("{FAE04EC0-301F-11D3-BF4B-00C04F79EFBC}") = "YarnSpinner.Unity.Example", "YarnSpinner.Unity.Example.csproj", "{356276E9-42BC-6100-46C1-401F58B77761}"
EndProject
Project("{FAE04EC0-301F-11D3-BF4B-00C04F79EFBC}") = "YarnSpinner.Unity", "YarnSpinner.Unity.csproj", "{C84B830A-B911-4A25-36B6-B9DBFACAB046}"
EndProject
Project("{FAE04EC0-301F-11D3-BF4B-00C04F79EFBC}") = "YarnSpinnerTests", "YarnSpinnerTests.csproj", "{B47CDA1C-75D7-3586-B874-FDD08298B33A}"
EndProject
Project("{FAE04EC0-301F-11D3-BF4B-00C04F79EFBC}") = "YarnSpinner.Editor.Tests", "YarnSpinner.Editor.Tests.csproj", "{2C0A6A65-DD60-C460-D474-A2C121A33E88}"
EndProject
Project("{FAE04EC0-301F-11D3-BF4B-00C04F79EFBC}") = "YarnSpinner.Unity.Editor", "YarnSpinner.Unity.Editor.csproj", "{A7498425-D4A0-8BEB-04E0-61BB0D42789A}"
EndProject
Project("{FAE04EC0-301F-11D3-BF4B-00C04F79EFBC}") = "Core", "Core.csproj", "{CC1448B8-BEA8-3554-6397-6476CF7D8DA5}"
EndProject
Project("{FAE04EC0-301F-11D3-BF4B-00C04F79EFBC}") = "PlayModeTesting", "PlayModeTesting.csproj", "{C63177C4-7FD5-7E07-E5E0-74D051F29E04}"
EndProject
Project("{FAE04EC0-301F-11D3-BF4B-00C04F79EFBC}") = "WhileClear", "WhileClear.csproj", "{E4059082-345D-F7D9-9963-604ACE8C014C}"
EndProject
Project("{FAE04EC0-301F-11D3-BF4B-00C04F79EFBC}") = "YarnSpinnerTests.CommandsInAnAssemblyDefinition", "YarnSpinnerTests.CommandsInAnAssemblyDefinition.csproj", "{C971F2A5-B52C-D298-2C84-2D5673AE4F6F}"
EndProject
Global
	GlobalSection(SolutionConfigurationPlatforms) = preSolution
		Debug|Any CPU = Debug|Any CPU
		Release|Any CPU = Release|Any CPU
	EndGlobalSection
	GlobalSection(ProjectConfigurationPlatforms) = postSolution
		{7159BA8D-957B-40F9-7241-3AA56D572590}.Debug|Any CPU.ActiveCfg = Debug|Any CPU
		{7159BA8D-957B-40F9-7241-3AA56D572590}.Debug|Any CPU.Build.0 = Debug|Any CPU
		{7159BA8D-957B-40F9-7241-3AA56D572590}.Release|Any CPU.ActiveCfg = Release|Any CPU
		{7159BA8D-957B-40F9-7241-3AA56D572590}.Release|Any CPU.Build.0 = Release|Any CPU
		{356276E9-42BC-6100-46C1-401F58B77761}.Debug|Any CPU.ActiveCfg = Debug|Any CPU
		{356276E9-42BC-6100-46C1-401F58B77761}.Debug|Any CPU.Build.0 = Debug|Any CPU
		{356276E9-42BC-6100-46C1-401F58B77761}.Release|Any CPU.ActiveCfg = Release|Any CPU
		{356276E9-42BC-6100-46C1-401F58B77761}.Release|Any CPU.Build.0 = Release|Any CPU
		{C84B830A-B911-4A25-36B6-B9DBFACAB046}.Debug|Any CPU.ActiveCfg = Debug|Any CPU
		{C84B830A-B911-4A25-36B6-B9DBFACAB046}.Debug|Any CPU.Build.0 = Debug|Any CPU
		{C84B830A-B911-4A25-36B6-B9DBFACAB046}.Release|Any CPU.ActiveCfg = Release|Any CPU
		{C84B830A-B911-4A25-36B6-B9DBFACAB046}.Release|Any CPU.Build.0 = Release|Any CPU
		{B47CDA1C-75D7-3586-B874-FDD08298B33A}.Debug|Any CPU.ActiveCfg = Debug|Any CPU
		{B47CDA1C-75D7-3586-B874-FDD08298B33A}.Debug|Any CPU.Build.0 = Debug|Any CPU
		{B47CDA1C-75D7-3586-B874-FDD08298B33A}.Release|Any CPU.ActiveCfg = Release|Any CPU
		{B47CDA1C-75D7-3586-B874-FDD08298B33A}.Release|Any CPU.Build.0 = Release|Any CPU
		{2C0A6A65-DD60-C460-D474-A2C121A33E88}.Debug|Any CPU.ActiveCfg = Debug|Any CPU
		{2C0A6A65-DD60-C460-D474-A2C121A33E88}.Debug|Any CPU.Build.0 = Debug|Any CPU
		{2C0A6A65-DD60-C460-D474-A2C121A33E88}.Release|Any CPU.ActiveCfg = Release|Any CPU
		{2C0A6A65-DD60-C460-D474-A2C121A33E88}.Release|Any CPU.Build.0 = Release|Any CPU
		{A7498425-D4A0-8BEB-04E0-61BB0D42789A}.Debug|Any CPU.ActiveCfg = Debug|Any CPU
		{A7498425-D4A0-8BEB-04E0-61BB0D42789A}.Debug|Any CPU.Build.0 = Debug|Any CPU
		{A7498425-D4A0-8BEB-04E0-61BB0D42789A}.Release|Any CPU.ActiveCfg = Release|Any CPU
		{A7498425-D4A0-8BEB-04E0-61BB0D42789A}.Release|Any CPU.Build.0 = Release|Any CPU
		{CC1448B8-BEA8-3554-6397-6476CF7D8DA5}.Debug|Any CPU.ActiveCfg = Debug|Any CPU
		{CC1448B8-BEA8-3554-6397-6476CF7D8DA5}.Debug|Any CPU.Build.0 = Debug|Any CPU
		{CC1448B8-BEA8-3554-6397-6476CF7D8DA5}.Release|Any CPU.ActiveCfg = Release|Any CPU
		{CC1448B8-BEA8-3554-6397-6476CF7D8DA5}.Release|Any CPU.Build.0 = Release|Any CPU
		{C63177C4-7FD5-7E07-E5E0-74D051F29E04}.Debug|Any CPU.ActiveCfg = Debug|Any CPU
		{C63177C4-7FD5-7E07-E5E0-74D051F29E04}.Debug|Any CPU.Build.0 = Debug|Any CPU
		{C63177C4-7FD5-7E07-E5E0-74D051F29E04}.Release|Any CPU.ActiveCfg = Release|Any CPU
		{C63177C4-7FD5-7E07-E5E0-74D051F29E04}.Release|Any CPU.Build.0 = Release|Any CPU
		{E4059082-345D-F7D9-9963-604ACE8C014C}.Debug|Any CPU.ActiveCfg = Debug|Any CPU
		{E4059082-345D-F7D9-9963-604ACE8C014C}.Debug|Any CPU.Build.0 = Debug|Any CPU
		{E4059082-345D-F7D9-9963-604ACE8C014C}.Release|Any CPU.ActiveCfg = Release|Any CPU
		{E4059082-345D-F7D9-9963-604ACE8C014C}.Release|Any CPU.Build.0 = Release|Any CPU
		{C971F2A5-B52C-D298-2C84-2D5673AE4F6F}.Debug|Any CPU.ActiveCfg = Debug|Any CPU
		{C971F2A5-B52C-D298-2C84-2D5673AE4F6F}.Debug|Any CPU.Build.0 = Debug|Any CPU
		{C971F2A5-B52C-D298-2C84-2D5673AE4F6F}.Release|Any CPU.ActiveCfg = Release|Any CPU
		{C971F2A5-B52C-D298-2C84-2D5673AE4F6F}.Release|Any CPU.Build.0 = Release|Any CPU
	EndGlobalSection
	GlobalSection(SolutionProperties) = preSolution
		HideSolutionNode = FALSE
	EndGlobalSection
EndGlobal
